
Microsoft Visual Studio Solution File, Format Version 12.00
# Visual Studio 15
VisualStudioVersion = 15.0.26124.0
MinimumVisualStudioVersion = 15.0.26124.0
Project("{2150E333-8FDC-42A3-9474-1A3956D46DE8}") = "src", "src", "{470B8295-FECC-4A24-9AAC-52B0BBF8BFCC}"
EndProject
Project("{FAE04EC0-301F-11D3-BF4B-00C04F79EFBC}") = "Data.Pipes", "src\Data.Pipes\Data.Pipes.csproj", "{A4A7C414-46FA-4945-B5CD-55881019AB82}"
EndProject
Project("{2150E333-8FDC-42A3-9474-1A3956D46DE8}") = "tests", "tests", "{DE1FEE80-0B7D-442E-9676-25EF9B2B66BB}"
EndProject
Project("{FAE04EC0-301F-11D3-BF4B-00C04F79EFBC}") = "Data.Pipes", "tests\Data.Pipes.Tests\Data.Pipes.Tests.csproj", "{4E5C54D3-4D7D-4602-85FC-AA4BE24CC6D8}"
EndProject
Global
	GlobalSection(SolutionConfigurationPlatforms) = preSolution
		Debug|Any CPU = Debug|Any CPU
		Debug|x64 = Debug|x64
		Debug|x86 = Debug|x86
		Release|Any CPU = Release|Any CPU
		Release|x64 = Release|x64
		Release|x86 = Release|x86
	EndGlobalSection
	GlobalSection(SolutionProperties) = preSolution
		HideSolutionNode = FALSE
	EndGlobalSection
	GlobalSection(ProjectConfigurationPlatforms) = postSolution
		{A4A7C414-46FA-4945-B5CD-55881019AB82}.Debug|Any CPU.ActiveCfg = Debug|Any CPU
		{A4A7C414-46FA-4945-B5CD-55881019AB82}.Debug|Any CPU.Build.0 = Debug|Any CPU
		{A4A7C414-46FA-4945-B5CD-55881019AB82}.Debug|x64.ActiveCfg = Debug|x64
		{A4A7C414-46FA-4945-B5CD-55881019AB82}.Debug|x64.Build.0 = Debug|x64
		{A4A7C414-46FA-4945-B5CD-55881019AB82}.Debug|x86.ActiveCfg = Debug|x86
		{A4A7C414-46FA-4945-B5CD-55881019AB82}.Debug|x86.Build.0 = Debug|x86
		{A4A7C414-46FA-4945-B5CD-55881019AB82}.Release|Any CPU.ActiveCfg = Release|Any CPU
		{A4A7C414-46FA-4945-B5CD-55881019AB82}.Release|Any CPU.Build.0 = Release|Any CPU
		{A4A7C414-46FA-4945-B5CD-55881019AB82}.Release|x64.ActiveCfg = Release|x64
		{A4A7C414-46FA-4945-B5CD-55881019AB82}.Release|x64.Build.0 = Release|x64
		{A4A7C414-46FA-4945-B5CD-55881019AB82}.Release|x86.ActiveCfg = Release|x86
		{A4A7C414-46FA-4945-B5CD-55881019AB82}.Release|x86.Build.0 = Release|x86
		{4E5C54D3-4D7D-4602-85FC-AA4BE24CC6D8}.Debug|Any CPU.ActiveCfg = Debug|Any CPU
		{4E5C54D3-4D7D-4602-85FC-AA4BE24CC6D8}.Debug|Any CPU.Build.0 = Debug|Any CPU
		{4E5C54D3-4D7D-4602-85FC-AA4BE24CC6D8}.Debug|x64.ActiveCfg = Debug|x64
		{4E5C54D3-4D7D-4602-85FC-AA4BE24CC6D8}.Debug|x64.Build.0 = Debug|x64
		{4E5C54D3-4D7D-4602-85FC-AA4BE24CC6D8}.Debug|x86.ActiveCfg = Debug|x86
		{4E5C54D3-4D7D-4602-85FC-AA4BE24CC6D8}.Debug|x86.Build.0 = Debug|x86
		{4E5C54D3-4D7D-4602-85FC-AA4BE24CC6D8}.Release|Any CPU.ActiveCfg = Release|Any CPU
		{4E5C54D3-4D7D-4602-85FC-AA4BE24CC6D8}.Release|Any CPU.Build.0 = Release|Any CPU
		{4E5C54D3-4D7D-4602-85FC-AA4BE24CC6D8}.Release|x64.ActiveCfg = Release|x64
		{4E5C54D3-4D7D-4602-85FC-AA4BE24CC6D8}.Release|x64.Build.0 = Release|x64
		{4E5C54D3-4D7D-4602-85FC-AA4BE24CC6D8}.Release|x86.ActiveCfg = Release|x86
		{4E5C54D3-4D7D-4602-85FC-AA4BE24CC6D8}.Release|x86.Build.0 = Release|x86
	EndGlobalSection
	GlobalSection(NestedProjects) = preSolution
		{A4A7C414-46FA-4945-B5CD-55881019AB82} = {470B8295-FECC-4A24-9AAC-52B0BBF8BFCC}
		{4E5C54D3-4D7D-4602-85FC-AA4BE24CC6D8} = {DE1FEE80-0B7D-442E-9676-25EF9B2B66BB}
	EndGlobalSection
EndGlobal
